
Microsoft Visual Studio Solution File, Format Version 12.00
# Visual Studio Version 17
VisualStudioVersion = 17.13.36105.23 d17.13
MinimumVisualStudioVersion = 10.0.40219.1
Project("{FAE04EC0-301F-11D3-BF4B-00C04F79EFBC}") = "IDFOperation", "IDFOperation\IDFOperation.csproj", "{D2A83EA1-58BE-4192-939C-9241889426E7}"
EndProject
Global
	GlobalSection(SolutionConfigurationPlatforms) = preSolution
		Debug|Any CPU = Debug|Any CPU
		Release|Any CPU = Release|Any CPU
	EndGlobalSection
	GlobalSection(ProjectConfigurationPlatforms) = postSolution
		{D2A83EA1-58BE-4192-939C-9241889426E7}.Debug|Any CPU.ActiveCfg = Debug|Any CPU
		{D2A83EA1-58BE-4192-939C-9241889426E7}.Debug|Any CPU.Build.0 = Debug|Any CPU
		{D2A83EA1-58BE-4192-939C-9241889426E7}.Release|Any CPU.ActiveCfg = Release|Any CPU
		{D2A83EA1-58BE-4192-939C-9241889426E7}.Release|Any CPU.Build.0 = Release|Any CPU
	EndGlobalSection
	GlobalSection(SolutionProperties) = preSolution
		HideSolutionNode = FALSE
	EndGlobalSection
	GlobalSection(ExtensibilityGlobals) = postSolution
		SolutionGuid = {0004586B-D975-4E43-A7ED-EECE5A6AB4C6}
	EndGlobalSection
EndGlobal
